
Microsoft Visual Studio Solution File, Format Version 12.00
# Visual Studio Version 16
VisualStudioVersion = 16.0.29728.190
MinimumVisualStudioVersion = 10.0.40219.1
Project("{FAE04EC0-301F-11D3-BF4B-00C04F79EFBC}") = "RetailManagementSystem", "RetailManagementSystem\RetailManagementSystem.csproj", "{3956F7BA-C9D6-48E4-9C62-BF6338514ECC}"
EndProject
Project("{FAE04EC0-301F-11D3-BF4B-00C04F79EFBC}") = "RetailControls", "RetailControls\RetailControls.csproj", "{CE3A0A9A-8C75-459C-8EDF-B7EEDF92C052}"
EndProject
Global
	GlobalSection(SolutionConfigurationPlatforms) = preSolution
		Debug|Any CPU = Debug|Any CPU
		Release|Any CPU = Release|Any CPU
	EndGlobalSection
	GlobalSection(ProjectConfigurationPlatforms) = postSolution
		{3956F7BA-C9D6-48E4-9C62-BF6338514ECC}.Debug|Any CPU.ActiveCfg = Debug|Any CPU
		{3956F7BA-C9D6-48E4-9C62-BF6338514ECC}.Debug|Any CPU.Build.0 = Debug|Any CPU
		{3956F7BA-C9D6-48E4-9C62-BF6338514ECC}.Release|Any CPU.ActiveCfg = Release|Any CPU
		{3956F7BA-C9D6-48E4-9C62-BF6338514ECC}.Release|Any CPU.Build.0 = Release|Any CPU
		{CE3A0A9A-8C75-459C-8EDF-B7EEDF92C052}.Debug|Any CPU.ActiveCfg = Debug|Any CPU
		{CE3A0A9A-8C75-459C-8EDF-B7EEDF92C052}.Debug|Any CPU.Build.0 = Debug|Any CPU
		{CE3A0A9A-8C75-459C-8EDF-B7EEDF92C052}.Release|Any CPU.ActiveCfg = Release|Any CPU
		{CE3A0A9A-8C75-459C-8EDF-B7EEDF92C052}.Release|Any CPU.Build.0 = Release|Any CPU
	EndGlobalSection
	GlobalSection(SolutionProperties) = preSolution
		HideSolutionNode = FALSE
	EndGlobalSection
	GlobalSection(ExtensibilityGlobals) = postSolution
		SolutionGuid = {10BE6CE3-0663-4740-BF22-5438D6831FB5}
	EndGlobalSection
EndGlobal
